// !$*UTF8*$!
{
	archiveVersion = 1;
	classes = {
	};
	objectVersion = 46;
	objects = {

/* Begin PBXBuildFile section */
		3D51B497E78562155A76D9C5 /* Pods_MaccyTests.framework in Frameworks */ = {isa = PBXBuildFile; fileRef = 53E557A0AB4A09372DB9C529 /* Pods_MaccyTests.framework */; };
		BF35139313DA8AD935BC6942 /* Pods_Maccy.framework in Frameworks */ = {isa = PBXBuildFile; fileRef = 6E384E9DB5B6F2F61505B414 /* Pods_Maccy.framework */; };
		DA026EE61E56E3010067A5E2 /* Credits.html in Resources */ = {isa = PBXBuildFile; fileRef = DA026EE51E56E3010067A5E2 /* Credits.html */; };
		DA0EE7B9204657830025FC60 /* MaccyUITests.swift in Sources */ = {isa = PBXBuildFile; fileRef = DA0EE7B8204657830025FC60 /* MaccyUITests.swift */; };
		DA0EF1881E444B2A00E58577 /* Clipboard.swift in Sources */ = {isa = PBXBuildFile; fileRef = DA0EF1871E444B2A00E58577 /* Clipboard.swift */; };
		DA1EDE432045B35300479723 /* HistoryMenuItemTests.swift in Sources */ = {isa = PBXBuildFile; fileRef = DA1EDE422045B35300479723 /* HistoryMenuItemTests.swift */; };
		DA1EDE452045B68700479723 /* MenuTests.swift in Sources */ = {isa = PBXBuildFile; fileRef = DA1EDE442045B68700479723 /* MenuTests.swift */; };
		DA246D611E56C9EA001E40F3 /* Application.xib in Resources */ = {isa = PBXBuildFile; fileRef = DA246D601E56C9EA001E40F3 /* Application.xib */; };
		DA2C752A2029FD6B0090965D /* FilterMenuItemView.swift in Sources */ = {isa = PBXBuildFile; fileRef = DA2C75292029FD6B0090965D /* FilterMenuItemView.swift */; };
		DA2C752C2029FE990090965D /* Menu.swift in Sources */ = {isa = PBXBuildFile; fileRef = DA2C752B2029FE990090965D /* Menu.swift */; };
		DA360DB31E3DF137005C6F6B /* HistoryTests.swift in Sources */ = {isa = PBXBuildFile; fileRef = DA360DB21E3DF137005C6F6B /* HistoryTests.swift */; };
		DA3CE8001E44A62500B3AA98 /* ClipboardTests.swift in Sources */ = {isa = PBXBuildFile; fileRef = DA3CE7FF1E44A62500B3AA98 /* ClipboardTests.swift */; };
		DA573EAD1EDD410F00561FB2 /* HistoryMenuItem.swift in Sources */ = {isa = PBXBuildFile; fileRef = DA573EAC1EDD410F00561FB2 /* HistoryMenuItem.swift */; };
		DA5F46512020E9FB00425C11 /* Carbon.framework in Frameworks */ = {isa = PBXBuildFile; fileRef = DA5F464F2020E4DF00425C11 /* Carbon.framework */; };
		DA6373981E4AB9BB00263391 /* Assets.xcassets in Resources */ = {isa = PBXBuildFile; fileRef = DA6373971E4AB9BB00263391 /* Assets.xcassets */; };
		DA8953B91E446A4E00884EAB /* Maccy.swift in Sources */ = {isa = PBXBuildFile; fileRef = DA8953B81E446A4E00884EAB /* Maccy.swift */; };
		DAEE38471E3DBEB100DD2966 /* AppDelegate.swift in Sources */ = {isa = PBXBuildFile; fileRef = DAEE38461E3DBEB100DD2966 /* AppDelegate.swift */; };
		DAEE38541E3DD6F100DD2966 /* History.swift in Sources */ = {isa = PBXBuildFile; fileRef = DAEE38531E3DD6F100DD2966 /* History.swift */; };
		DAF176C6202AA56B00C5FD0D /* Keys.swift in Sources */ = {isa = PBXBuildFile; fileRef = DAF176C5202AA56B00C5FD0D /* Keys.swift */; };
/* End PBXBuildFile section */

/* Begin PBXContainerItemProxy section */
		DA0EE7BB204657840025FC60 /* PBXContainerItemProxy */ = {
			isa = PBXContainerItemProxy;
			containerPortal = DAEE383B1E3DBEB100DD2966 /* Project object */;
			proxyType = 1;
			remoteGlobalIDString = DAEE38421E3DBEB100DD2966;
			remoteInfo = Maccy;
		};
		DA360DB51E3DF137005C6F6B /* PBXContainerItemProxy */ = {
			isa = PBXContainerItemProxy;
			containerPortal = DAEE383B1E3DBEB100DD2966 /* Project object */;
			proxyType = 1;
			remoteGlobalIDString = DAEE38421E3DBEB100DD2966;
			remoteInfo = Maccy;
		};
/* End PBXContainerItemProxy section */

/* Begin PBXCopyFilesBuildPhase section */
		DAE61D9E1EDC4A3C0016A3DE /* Embed Frameworks */ = {
			isa = PBXCopyFilesBuildPhase;
			buildActionMask = 2147483647;
			dstPath = "";
			dstSubfolderSpec = 10;
			files = (
			);
			name = "Embed Frameworks";
			runOnlyForDeploymentPostprocessing = 0;
		};
		DAE61DA01EDC4A5E0016A3DE /* CopyFiles */ = {
			isa = PBXCopyFilesBuildPhase;
			buildActionMask = 2147483647;
			dstPath = "";
			dstSubfolderSpec = 16;
			files = (
			);
			runOnlyForDeploymentPostprocessing = 0;
		};
/* End PBXCopyFilesBuildPhase section */

/* Begin PBXFileReference section */
		24486195A6B025996B9A8638 /* Pods-Maccy.release.xcconfig */ = {isa = PBXFileReference; includeInIndex = 1; lastKnownFileType = text.xcconfig; name = "Pods-Maccy.release.xcconfig"; path = "Pods/Target Support Files/Pods-Maccy/Pods-Maccy.release.xcconfig"; sourceTree = "<group>"; };
		52647E410DB1165660963FBC /* Pods-MaccyTests.debug.xcconfig */ = {isa = PBXFileReference; includeInIndex = 1; lastKnownFileType = text.xcconfig; name = "Pods-MaccyTests.debug.xcconfig"; path = "Pods/Target Support Files/Pods-MaccyTests/Pods-MaccyTests.debug.xcconfig"; sourceTree = "<group>"; };
		53E557A0AB4A09372DB9C529 /* Pods_MaccyTests.framework */ = {isa = PBXFileReference; explicitFileType = wrapper.framework; includeInIndex = 0; path = Pods_MaccyTests.framework; sourceTree = BUILT_PRODUCTS_DIR; };
		6E384E9DB5B6F2F61505B414 /* Pods_Maccy.framework */ = {isa = PBXFileReference; explicitFileType = wrapper.framework; includeInIndex = 0; path = Pods_Maccy.framework; sourceTree = BUILT_PRODUCTS_DIR; };
		8070C4331414C9D54E247DE2 /* Pods-Maccy.debug.xcconfig */ = {isa = PBXFileReference; includeInIndex = 1; lastKnownFileType = text.xcconfig; name = "Pods-Maccy.debug.xcconfig"; path = "Pods/Target Support Files/Pods-Maccy/Pods-Maccy.debug.xcconfig"; sourceTree = "<group>"; };
		BCB91AA0421F8C0B66C03E68 /* Pods-MaccyTests.release.xcconfig */ = {isa = PBXFileReference; includeInIndex = 1; lastKnownFileType = text.xcconfig; name = "Pods-MaccyTests.release.xcconfig"; path = "Pods/Target Support Files/Pods-MaccyTests/Pods-MaccyTests.release.xcconfig"; sourceTree = "<group>"; };
		DA026EE51E56E3010067A5E2 /* Credits.html */ = {isa = PBXFileReference; fileEncoding = 4; lastKnownFileType = text.html; path = Credits.html; sourceTree = "<group>"; };
		DA0EE7B6204657830025FC60 /* MaccyUITests.xctest */ = {isa = PBXFileReference; explicitFileType = wrapper.cfbundle; includeInIndex = 0; path = MaccyUITests.xctest; sourceTree = BUILT_PRODUCTS_DIR; };
		DA0EE7B8204657830025FC60 /* MaccyUITests.swift */ = {isa = PBXFileReference; lastKnownFileType = sourcecode.swift; path = MaccyUITests.swift; sourceTree = "<group>"; };
		DA0EE7BA204657840025FC60 /* Info.plist */ = {isa = PBXFileReference; lastKnownFileType = text.plist.xml; path = Info.plist; sourceTree = "<group>"; };
		DA0EF1871E444B2A00E58577 /* Clipboard.swift */ = {isa = PBXFileReference; fileEncoding = 4; lastKnownFileType = sourcecode.swift; path = Clipboard.swift; sourceTree = "<group>"; };
		DA1EDE422045B35300479723 /* HistoryMenuItemTests.swift */ = {isa = PBXFileReference; lastKnownFileType = sourcecode.swift; path = HistoryMenuItemTests.swift; sourceTree = "<group>"; };
		DA1EDE442045B68700479723 /* MenuTests.swift */ = {isa = PBXFileReference; lastKnownFileType = sourcecode.swift; path = MenuTests.swift; sourceTree = "<group>"; };
		DA246D601E56C9EA001E40F3 /* Application.xib */ = {isa = PBXFileReference; fileEncoding = 4; lastKnownFileType = file.xib; path = Application.xib; sourceTree = "<group>"; };
		DA2C75292029FD6B0090965D /* FilterMenuItemView.swift */ = {isa = PBXFileReference; lastKnownFileType = sourcecode.swift; path = FilterMenuItemView.swift; sourceTree = "<group>"; };
		DA2C752B2029FE990090965D /* Menu.swift */ = {isa = PBXFileReference; lastKnownFileType = sourcecode.swift; path = Menu.swift; sourceTree = "<group>"; };
		DA360DB01E3DF137005C6F6B /* MaccyTests.xctest */ = {isa = PBXFileReference; explicitFileType = wrapper.cfbundle; includeInIndex = 0; path = MaccyTests.xctest; sourceTree = BUILT_PRODUCTS_DIR; };
		DA360DB21E3DF137005C6F6B /* HistoryTests.swift */ = {isa = PBXFileReference; lastKnownFileType = sourcecode.swift; lineEnding = 0; path = HistoryTests.swift; sourceTree = "<group>"; xcLanguageSpecificationIdentifier = xcode.lang.swift; };
		DA360DB41E3DF137005C6F6B /* Info.plist */ = {isa = PBXFileReference; lastKnownFileType = text.plist.xml; path = Info.plist; sourceTree = "<group>"; };
		DA3CE7FF1E44A62500B3AA98 /* ClipboardTests.swift */ = {isa = PBXFileReference; fileEncoding = 4; lastKnownFileType = sourcecode.swift; path = ClipboardTests.swift; sourceTree = "<group>"; };
		DA573EAC1EDD410F00561FB2 /* HistoryMenuItem.swift */ = {isa = PBXFileReference; fileEncoding = 4; lastKnownFileType = sourcecode.swift; path = HistoryMenuItem.swift; sourceTree = "<group>"; };
		DA5F464F2020E4DF00425C11 /* Carbon.framework */ = {isa = PBXFileReference; lastKnownFileType = wrapper.framework; name = Carbon.framework; path = System/Library/Frameworks/Carbon.framework; sourceTree = SDKROOT; };
		DA6373971E4AB9BB00263391 /* Assets.xcassets */ = {isa = PBXFileReference; lastKnownFileType = folder.assetcatalog; path = Assets.xcassets; sourceTree = "<group>"; };
		DA8953B81E446A4E00884EAB /* Maccy.swift */ = {isa = PBXFileReference; fileEncoding = 4; lastKnownFileType = sourcecode.swift; path = Maccy.swift; sourceTree = "<group>"; };
		DAEE38431E3DBEB100DD2966 /* Maccy.app */ = {isa = PBXFileReference; explicitFileType = wrapper.application; includeInIndex = 0; path = Maccy.app; sourceTree = BUILT_PRODUCTS_DIR; };
		DAEE38461E3DBEB100DD2966 /* AppDelegate.swift */ = {isa = PBXFileReference; lastKnownFileType = sourcecode.swift; lineEnding = 0; path = AppDelegate.swift; sourceTree = "<group>"; xcLanguageSpecificationIdentifier = xcode.lang.swift; };
		DAEE384D1E3DBEB100DD2966 /* Info.plist */ = {isa = PBXFileReference; lastKnownFileType = text.plist.xml; path = Info.plist; sourceTree = "<group>"; };
		DAEE38531E3DD6F100DD2966 /* History.swift */ = {isa = PBXFileReference; fileEncoding = 4; lastKnownFileType = sourcecode.swift; lineEnding = 0; path = History.swift; sourceTree = "<group>"; xcLanguageSpecificationIdentifier = xcode.lang.swift; };
		DAF176C5202AA56B00C5FD0D /* Keys.swift */ = {isa = PBXFileReference; lastKnownFileType = sourcecode.swift; path = Keys.swift; sourceTree = "<group>"; };
/* End PBXFileReference section */

/* Begin PBXFrameworksBuildPhase section */
		DA0EE7B3204657830025FC60 /* Frameworks */ = {
			isa = PBXFrameworksBuildPhase;
			buildActionMask = 2147483647;
			files = (
			);
			runOnlyForDeploymentPostprocessing = 0;
		};
		DA360DAD1E3DF137005C6F6B /* Frameworks */ = {
			isa = PBXFrameworksBuildPhase;
			buildActionMask = 2147483647;
			files = (
				3D51B497E78562155A76D9C5 /* Pods_MaccyTests.framework in Frameworks */,
			);
			runOnlyForDeploymentPostprocessing = 0;
		};
		DAEE38401E3DBEB100DD2966 /* Frameworks */ = {
			isa = PBXFrameworksBuildPhase;
			buildActionMask = 2147483647;
			files = (
				DA5F46512020E9FB00425C11 /* Carbon.framework in Frameworks */,
				BF35139313DA8AD935BC6942 /* Pods_Maccy.framework in Frameworks */,
			);
			runOnlyForDeploymentPostprocessing = 0;
		};
/* End PBXFrameworksBuildPhase section */

/* Begin PBXGroup section */
		B448BC1DF14922465B623F3B /* Pods */ = {
			isa = PBXGroup;
			children = (
				8070C4331414C9D54E247DE2 /* Pods-Maccy.debug.xcconfig */,
				24486195A6B025996B9A8638 /* Pods-Maccy.release.xcconfig */,
				52647E410DB1165660963FBC /* Pods-MaccyTests.debug.xcconfig */,
				BCB91AA0421F8C0B66C03E68 /* Pods-MaccyTests.release.xcconfig */,
			);
			name = Pods;
			sourceTree = "<group>";
		};
		C2D16D1C2EE365D52E1EE446 /* Frameworks */ = {
			isa = PBXGroup;
			children = (
				DA5F464F2020E4DF00425C11 /* Carbon.framework */,
				6E384E9DB5B6F2F61505B414 /* Pods_Maccy.framework */,
				53E557A0AB4A09372DB9C529 /* Pods_MaccyTests.framework */,
			);
			name = Frameworks;
			sourceTree = "<group>";
		};
		DA0EE7B7204657830025FC60 /* MaccyUITests */ = {
			isa = PBXGroup;
			children = (
				DA0EE7B8204657830025FC60 /* MaccyUITests.swift */,
				DA0EE7BA204657840025FC60 /* Info.plist */,
			);
			path = MaccyUITests;
			sourceTree = "<group>";
		};
		DA360DB11E3DF137005C6F6B /* MaccyTests */ = {
			isa = PBXGroup;
			children = (
				DA3CE7FF1E44A62500B3AA98 /* ClipboardTests.swift */,
				DA360DB21E3DF137005C6F6B /* HistoryTests.swift */,
				DA1EDE422045B35300479723 /* HistoryMenuItemTests.swift */,
				DA1EDE442045B68700479723 /* MenuTests.swift */,
				DA360DB41E3DF137005C6F6B /* Info.plist */,
			);
			path = MaccyTests;
			sourceTree = "<group>";
		};
		DAEE383A1E3DBEB100DD2966 = {
			isa = PBXGroup;
			children = (
				DAEE38451E3DBEB100DD2966 /* Maccy */,
				DA360DB11E3DF137005C6F6B /* MaccyTests */,
				DA0EE7B7204657830025FC60 /* MaccyUITests */,
				DAEE38441E3DBEB100DD2966 /* Products */,
				C2D16D1C2EE365D52E1EE446 /* Frameworks */,
				B448BC1DF14922465B623F3B /* Pods */,
			);
			sourceTree = "<group>";
		};
		DAEE38441E3DBEB100DD2966 /* Products */ = {
			isa = PBXGroup;
			children = (
				DAEE38431E3DBEB100DD2966 /* Maccy.app */,
				DA360DB01E3DF137005C6F6B /* MaccyTests.xctest */,
				DA0EE7B6204657830025FC60 /* MaccyUITests.xctest */,
			);
			name = Products;
			sourceTree = "<group>";
		};
		DAEE38451E3DBEB100DD2966 /* Maccy */ = {
			isa = PBXGroup;
			children = (
				DA246D601E56C9EA001E40F3 /* Application.xib */,
				DA6373971E4AB9BB00263391 /* Assets.xcassets */,
				DAEE38461E3DBEB100DD2966 /* AppDelegate.swift */,
				DA0EF1871E444B2A00E58577 /* Clipboard.swift */,
				DA2C75292029FD6B0090965D /* FilterMenuItemView.swift */,
				DAEE38531E3DD6F100DD2966 /* History.swift */,
				DA573EAC1EDD410F00561FB2 /* HistoryMenuItem.swift */,
				DAF176C5202AA56B00C5FD0D /* Keys.swift */,
				DA2C752B2029FE990090965D /* Menu.swift */,
				DA8953B81E446A4E00884EAB /* Maccy.swift */,
				DAEE384D1E3DBEB100DD2966 /* Info.plist */,
				DA026EE51E56E3010067A5E2 /* Credits.html */,
			);
			path = Maccy;
			sourceTree = "<group>";
		};
/* End PBXGroup section */

/* Begin PBXNativeTarget section */
		DA0EE7B5204657830025FC60 /* MaccyUITests */ = {
			isa = PBXNativeTarget;
			buildConfigurationList = DA0EE7BF204657840025FC60 /* Build configuration list for PBXNativeTarget "MaccyUITests" */;
			buildPhases = (
				DA0EE7B2204657830025FC60 /* Sources */,
				DA0EE7B3204657830025FC60 /* Frameworks */,
				DA0EE7B4204657830025FC60 /* Resources */,
			);
			buildRules = (
			);
			dependencies = (
				DA0EE7BC204657840025FC60 /* PBXTargetDependency */,
			);
			name = MaccyUITests;
			productName = MaccyUITests;
			productReference = DA0EE7B6204657830025FC60 /* MaccyUITests.xctest */;
			productType = "com.apple.product-type.bundle.ui-testing";
		};
		DA360DAF1E3DF137005C6F6B /* MaccyTests */ = {
			isa = PBXNativeTarget;
			buildConfigurationList = DA360DB71E3DF137005C6F6B /* Build configuration list for PBXNativeTarget "MaccyTests" */;
			buildPhases = (
				BCFBA0CC67A94F9E6B1E7D8C /* [CP] Check Pods Manifest.lock */,
				DA360DAC1E3DF137005C6F6B /* Sources */,
				DA360DAD1E3DF137005C6F6B /* Frameworks */,
				DA360DAE1E3DF137005C6F6B /* Resources */,
				B9494DBF7B0A792766B445DD /* [CP] Embed Pods Frameworks */,
				A0D8E5C2ADF629EB9A6CC7CB /* [CP] Copy Pods Resources */,
			);
			buildRules = (
			);
			dependencies = (
				DA360DB61E3DF137005C6F6B /* PBXTargetDependency */,
			);
			name = MaccyTests;
			productName = MaccyTests;
			productReference = DA360DB01E3DF137005C6F6B /* MaccyTests.xctest */;
			productType = "com.apple.product-type.bundle.unit-test";
		};
		DAEE38421E3DBEB100DD2966 /* Maccy */ = {
			isa = PBXNativeTarget;
			buildConfigurationList = DAEE38501E3DBEB100DD2966 /* Build configuration list for PBXNativeTarget "Maccy" */;
			buildPhases = (
				E9C3BE6EED3D1E4E2163C7B9 /* [CP] Check Pods Manifest.lock */,
				DAEE383F1E3DBEB100DD2966 /* Sources */,
				DAEE38401E3DBEB100DD2966 /* Frameworks */,
				DAEE38411E3DBEB100DD2966 /* Resources */,
				DAE61D9E1EDC4A3C0016A3DE /* Embed Frameworks */,
				DAE61DA01EDC4A5E0016A3DE /* CopyFiles */,
				114AFEB0816965D2028D6899 /* [CP] Embed Pods Frameworks */,
				BAEB2088E3B6D8BC834EC4B0 /* [CP] Copy Pods Resources */,
			);
			buildRules = (
			);
			dependencies = (
			);
			name = Maccy;
			productName = Maccy;
			productReference = DAEE38431E3DBEB100DD2966 /* Maccy.app */;
			productType = "com.apple.product-type.application";
		};
/* End PBXNativeTarget section */

/* Begin PBXProject section */
		DAEE383B1E3DBEB100DD2966 /* Project object */ = {
			isa = PBXProject;
			attributes = {
				LastSwiftUpdateCheck = 0920;
				LastUpgradeCheck = 0920;
				ORGANIZATIONNAME = p0deje;
				TargetAttributes = {
					DA0EE7B5204657830025FC60 = {
						CreatedOnToolsVersion = 9.2;
						ProvisioningStyle = Automatic;
						TestTargetID = DAEE38421E3DBEB100DD2966;
					};
					DA360DAF1E3DF137005C6F6B = {
						CreatedOnToolsVersion = 8.2.1;
						LastSwiftMigration = 0920;
						ProvisioningStyle = Automatic;
						TestTargetID = DAEE38421E3DBEB100DD2966;
					};
					DAEE38421E3DBEB100DD2966 = {
						CreatedOnToolsVersion = 8.2.1;
						LastSwiftMigration = 0920;
						ProvisioningStyle = Automatic;
					};
				};
			};
			buildConfigurationList = DAEE383E1E3DBEB100DD2966 /* Build configuration list for PBXProject "Maccy" */;
			compatibilityVersion = "Xcode 3.2";
			developmentRegion = English;
			hasScannedForEncodings = 0;
			knownRegions = (
				en,
				Base,
			);
			mainGroup = DAEE383A1E3DBEB100DD2966;
			productRefGroup = DAEE38441E3DBEB100DD2966 /* Products */;
			projectDirPath = "";
			projectRoot = "";
			targets = (
				DAEE38421E3DBEB100DD2966 /* Maccy */,
				DA360DAF1E3DF137005C6F6B /* MaccyTests */,
				DA0EE7B5204657830025FC60 /* MaccyUITests */,
			);
		};
/* End PBXProject section */

/* Begin PBXResourcesBuildPhase section */
		DA0EE7B4204657830025FC60 /* Resources */ = {
			isa = PBXResourcesBuildPhase;
			buildActionMask = 2147483647;
			files = (
			);
			runOnlyForDeploymentPostprocessing = 0;
		};
		DA360DAE1E3DF137005C6F6B /* Resources */ = {
			isa = PBXResourcesBuildPhase;
			buildActionMask = 2147483647;
			files = (
			);
			runOnlyForDeploymentPostprocessing = 0;
		};
		DAEE38411E3DBEB100DD2966 /* Resources */ = {
			isa = PBXResourcesBuildPhase;
			buildActionMask = 2147483647;
			files = (
				DA6373981E4AB9BB00263391 /* Assets.xcassets in Resources */,
				DA026EE61E56E3010067A5E2 /* Credits.html in Resources */,
				DA246D611E56C9EA001E40F3 /* Application.xib in Resources */,
			);
			runOnlyForDeploymentPostprocessing = 0;
		};
/* End PBXResourcesBuildPhase section */

/* Begin PBXShellScriptBuildPhase section */
		114AFEB0816965D2028D6899 /* [CP] Embed Pods Frameworks */ = {
			isa = PBXShellScriptBuildPhase;
			buildActionMask = 2147483647;
			files = (
			);
			inputPaths = (
				"${SRCROOT}/Pods/Target Support Files/Pods-Maccy/Pods-Maccy-frameworks.sh",
				"${BUILT_PRODUCTS_DIR}/HotKey/HotKey.framework",
			);
			name = "[CP] Embed Pods Frameworks";
			outputPaths = (
				"${TARGET_BUILD_DIR}/${FRAMEWORKS_FOLDER_PATH}/HotKey.framework",
			);
			runOnlyForDeploymentPostprocessing = 0;
			shellPath = /bin/sh;
			shellScript = "\"${SRCROOT}/Pods/Target Support Files/Pods-Maccy/Pods-Maccy-frameworks.sh\"\n";
			showEnvVarsInLog = 0;
		};
		A0D8E5C2ADF629EB9A6CC7CB /* [CP] Copy Pods Resources */ = {
			isa = PBXShellScriptBuildPhase;
			buildActionMask = 2147483647;
			files = (
			);
			inputPaths = (
			);
			name = "[CP] Copy Pods Resources";
			outputPaths = (
			);
			runOnlyForDeploymentPostprocessing = 0;
			shellPath = /bin/sh;
			shellScript = "\"${SRCROOT}/Pods/Target Support Files/Pods-MaccyTests/Pods-MaccyTests-resources.sh\"\n";
			showEnvVarsInLog = 0;
		};
		B9494DBF7B0A792766B445DD /* [CP] Embed Pods Frameworks */ = {
			isa = PBXShellScriptBuildPhase;
			buildActionMask = 2147483647;
			files = (
			);
			inputPaths = (
			);
			name = "[CP] Embed Pods Frameworks";
			outputPaths = (
			);
			runOnlyForDeploymentPostprocessing = 0;
			shellPath = /bin/sh;
			shellScript = "\"${SRCROOT}/Pods/Target Support Files/Pods-MaccyTests/Pods-MaccyTests-frameworks.sh\"\n";
			showEnvVarsInLog = 0;
		};
		BAEB2088E3B6D8BC834EC4B0 /* [CP] Copy Pods Resources */ = {
			isa = PBXShellScriptBuildPhase;
			buildActionMask = 2147483647;
			files = (
			);
			inputPaths = (
			);
			name = "[CP] Copy Pods Resources";
			outputPaths = (
			);
			runOnlyForDeploymentPostprocessing = 0;
			shellPath = /bin/sh;
			shellScript = "\"${SRCROOT}/Pods/Target Support Files/Pods-Maccy/Pods-Maccy-resources.sh\"\n";
			showEnvVarsInLog = 0;
		};
		BCFBA0CC67A94F9E6B1E7D8C /* [CP] Check Pods Manifest.lock */ = {
			isa = PBXShellScriptBuildPhase;
			buildActionMask = 2147483647;
			files = (
			);
			inputPaths = (
				"${PODS_PODFILE_DIR_PATH}/Podfile.lock",
				"${PODS_ROOT}/Manifest.lock",
			);
			name = "[CP] Check Pods Manifest.lock";
			outputPaths = (
				"$(DERIVED_FILE_DIR)/Pods-MaccyTests-checkManifestLockResult.txt",
			);
			runOnlyForDeploymentPostprocessing = 0;
			shellPath = /bin/sh;
			shellScript = "diff \"${PODS_PODFILE_DIR_PATH}/Podfile.lock\" \"${PODS_ROOT}/Manifest.lock\" > /dev/null\nif [ $? != 0 ] ; then\n    # print error to STDERR\n    echo \"error: The sandbox is not in sync with the Podfile.lock. Run 'pod install' or update your CocoaPods installation.\" >&2\n    exit 1\nfi\n# This output is used by Xcode 'outputs' to avoid re-running this script phase.\necho \"SUCCESS\" > \"${SCRIPT_OUTPUT_FILE_0}\"\n";
			showEnvVarsInLog = 0;
		};
		E9C3BE6EED3D1E4E2163C7B9 /* [CP] Check Pods Manifest.lock */ = {
			isa = PBXShellScriptBuildPhase;
			buildActionMask = 2147483647;
			files = (
			);
			inputPaths = (
				"${PODS_PODFILE_DIR_PATH}/Podfile.lock",
				"${PODS_ROOT}/Manifest.lock",
			);
			name = "[CP] Check Pods Manifest.lock";
			outputPaths = (
				"$(DERIVED_FILE_DIR)/Pods-Maccy-checkManifestLockResult.txt",
			);
			runOnlyForDeploymentPostprocessing = 0;
			shellPath = /bin/sh;
			shellScript = "diff \"${PODS_PODFILE_DIR_PATH}/Podfile.lock\" \"${PODS_ROOT}/Manifest.lock\" > /dev/null\nif [ $? != 0 ] ; then\n    # print error to STDERR\n    echo \"error: The sandbox is not in sync with the Podfile.lock. Run 'pod install' or update your CocoaPods installation.\" >&2\n    exit 1\nfi\n# This output is used by Xcode 'outputs' to avoid re-running this script phase.\necho \"SUCCESS\" > \"${SCRIPT_OUTPUT_FILE_0}\"\n";
			showEnvVarsInLog = 0;
		};
/* End PBXShellScriptBuildPhase section */

/* Begin PBXSourcesBuildPhase section */
		DA0EE7B2204657830025FC60 /* Sources */ = {
			isa = PBXSourcesBuildPhase;
			buildActionMask = 2147483647;
			files = (
				DA0EE7B9204657830025FC60 /* MaccyUITests.swift in Sources */,
			);
			runOnlyForDeploymentPostprocessing = 0;
		};
		DA360DAC1E3DF137005C6F6B /* Sources */ = {
			isa = PBXSourcesBuildPhase;
			buildActionMask = 2147483647;
			files = (
				DA3CE8001E44A62500B3AA98 /* ClipboardTests.swift in Sources */,
				DA1EDE432045B35300479723 /* HistoryMenuItemTests.swift in Sources */,
				DA1EDE452045B68700479723 /* MenuTests.swift in Sources */,
				DA360DB31E3DF137005C6F6B /* HistoryTests.swift in Sources */,
			);
			runOnlyForDeploymentPostprocessing = 0;
		};
		DAEE383F1E3DBEB100DD2966 /* Sources */ = {
			isa = PBXSourcesBuildPhase;
			buildActionMask = 2147483647;
			files = (
				DA2C752A2029FD6B0090965D /* FilterMenuItemView.swift in Sources */,
				DAF176C6202AA56B00C5FD0D /* Keys.swift in Sources */,
				DAEE38541E3DD6F100DD2966 /* History.swift in Sources */,
				DA0EF1881E444B2A00E58577 /* Clipboard.swift in Sources */,
				DA573EAD1EDD410F00561FB2 /* HistoryMenuItem.swift in Sources */,
				DA2C752C2029FE990090965D /* Menu.swift in Sources */,
				DA8953B91E446A4E00884EAB /* Maccy.swift in Sources */,
				DAEE38471E3DBEB100DD2966 /* AppDelegate.swift in Sources */,
			);
			runOnlyForDeploymentPostprocessing = 0;
		};
/* End PBXSourcesBuildPhase section */

/* Begin PBXTargetDependency section */
		DA0EE7BC204657840025FC60 /* PBXTargetDependency */ = {
			isa = PBXTargetDependency;
			target = DAEE38421E3DBEB100DD2966 /* Maccy */;
			targetProxy = DA0EE7BB204657840025FC60 /* PBXContainerItemProxy */;
		};
		DA360DB61E3DF137005C6F6B /* PBXTargetDependency */ = {
			isa = PBXTargetDependency;
			target = DAEE38421E3DBEB100DD2966 /* Maccy */;
			targetProxy = DA360DB51E3DF137005C6F6B /* PBXContainerItemProxy */;
		};
/* End PBXTargetDependency section */

/* Begin XCBuildConfiguration section */
		DA0EE7BD204657840025FC60 /* Debug */ = {
			isa = XCBuildConfiguration;
			buildSettings = {
				CLANG_ANALYZER_NUMBER_OBJECT_CONVERSION = YES_AGGRESSIVE;
				CLANG_CXX_LANGUAGE_STANDARD = "gnu++14";
				CLANG_WARN_UNGUARDED_AVAILABILITY = YES_AGGRESSIVE;
				CODE_SIGN_IDENTITY = "-";
				CODE_SIGN_STYLE = Automatic;
				COMBINE_HIDPI_IMAGES = YES;
				GCC_C_LANGUAGE_STANDARD = gnu11;
				INFOPLIST_FILE = MaccyUITests/Info.plist;
				LD_RUNPATH_SEARCH_PATHS = "$(inherited) @executable_path/../Frameworks @loader_path/../Frameworks";
				MACOSX_DEPLOYMENT_TARGET = 10.13;
				PRODUCT_BUNDLE_IDENTIFIER = org.p0deje.MaccyUITests;
				PRODUCT_NAME = "$(TARGET_NAME)";
				SWIFT_VERSION = 4.0;
				TEST_TARGET_NAME = Maccy;
			};
			name = Debug;
		};
		DA0EE7BE204657840025FC60 /* Release */ = {
			isa = XCBuildConfiguration;
			buildSettings = {
				CLANG_ANALYZER_NUMBER_OBJECT_CONVERSION = YES_AGGRESSIVE;
				CLANG_CXX_LANGUAGE_STANDARD = "gnu++14";
				CLANG_WARN_UNGUARDED_AVAILABILITY = YES_AGGRESSIVE;
				CODE_SIGN_IDENTITY = "-";
				CODE_SIGN_STYLE = Automatic;
				COMBINE_HIDPI_IMAGES = YES;
				GCC_C_LANGUAGE_STANDARD = gnu11;
				INFOPLIST_FILE = MaccyUITests/Info.plist;
				LD_RUNPATH_SEARCH_PATHS = "$(inherited) @executable_path/../Frameworks @loader_path/../Frameworks";
				MACOSX_DEPLOYMENT_TARGET = 10.13;
				PRODUCT_BUNDLE_IDENTIFIER = org.p0deje.MaccyUITests;
				PRODUCT_NAME = "$(TARGET_NAME)";
				SWIFT_VERSION = 4.0;
				TEST_TARGET_NAME = Maccy;
			};
			name = Release;
		};
		DA360DB81E3DF137005C6F6B /* Debug */ = {
			isa = XCBuildConfiguration;
			baseConfigurationReference = 52647E410DB1165660963FBC /* Pods-MaccyTests.debug.xcconfig */;
			buildSettings = {
				BUNDLE_LOADER = "$(TEST_HOST)";
				CODE_SIGN_IDENTITY = "";
				COMBINE_HIDPI_IMAGES = YES;
				INFOPLIST_FILE = MaccyTests/Info.plist;
				LD_RUNPATH_SEARCH_PATHS = "$(inherited) @executable_path/../Frameworks @loader_path/../Frameworks";
				PRODUCT_BUNDLE_IDENTIFIER = org.p0deje.MaccyTests;
				PRODUCT_NAME = "$(TARGET_NAME)";
				SWIFT_SWIFT3_OBJC_INFERENCE = Default;
				SWIFT_VERSION = 4.0;
				TEST_HOST = "$(BUILT_PRODUCTS_DIR)/Maccy.app/Contents/MacOS/Maccy";
			};
			name = Debug;
		};
		DA360DB91E3DF137005C6F6B /* Release */ = {
			isa = XCBuildConfiguration;
			baseConfigurationReference = BCB91AA0421F8C0B66C03E68 /* Pods-MaccyTests.release.xcconfig */;
			buildSettings = {
				BUNDLE_LOADER = "$(TEST_HOST)";
				CODE_SIGN_IDENTITY = "";
				COMBINE_HIDPI_IMAGES = YES;
				INFOPLIST_FILE = MaccyTests/Info.plist;
				LD_RUNPATH_SEARCH_PATHS = "$(inherited) @executable_path/../Frameworks @loader_path/../Frameworks";
				PRODUCT_BUNDLE_IDENTIFIER = org.p0deje.MaccyTests;
				PRODUCT_NAME = "$(TARGET_NAME)";
				SWIFT_SWIFT3_OBJC_INFERENCE = Default;
				SWIFT_VERSION = 4.0;
				TEST_HOST = "$(BUILT_PRODUCTS_DIR)/Maccy.app/Contents/MacOS/Maccy";
			};
			name = Release;
		};
		DAEE384E1E3DBEB100DD2966 /* Debug */ = {
			isa = XCBuildConfiguration;
			buildSettings = {
				ALWAYS_SEARCH_USER_PATHS = NO;
				CLANG_ANALYZER_NONNULL = YES;
				CLANG_CXX_LANGUAGE_STANDARD = "gnu++0x";
				CLANG_CXX_LIBRARY = "libc++";
				CLANG_ENABLE_MODULES = YES;
				CLANG_ENABLE_OBJC_ARC = YES;
				CLANG_WARN_BLOCK_CAPTURE_AUTORELEASING = YES;
				CLANG_WARN_BOOL_CONVERSION = YES;
				CLANG_WARN_COMMA = YES;
				CLANG_WARN_CONSTANT_CONVERSION = YES;
				CLANG_WARN_DIRECT_OBJC_ISA_USAGE = YES_ERROR;
				CLANG_WARN_DOCUMENTATION_COMMENTS = YES;
				CLANG_WARN_EMPTY_BODY = YES;
				CLANG_WARN_ENUM_CONVERSION = YES;
				CLANG_WARN_INFINITE_RECURSION = YES;
				CLANG_WARN_INT_CONVERSION = YES;
				CLANG_WARN_NON_LITERAL_NULL_CONVERSION = YES;
				CLANG_WARN_OBJC_LITERAL_CONVERSION = YES;
				CLANG_WARN_OBJC_ROOT_CLASS = YES_ERROR;
				CLANG_WARN_RANGE_LOOP_ANALYSIS = YES;
				CLANG_WARN_STRICT_PROTOTYPES = YES;
				CLANG_WARN_SUSPICIOUS_MOVE = YES;
				CLANG_WARN_UNREACHABLE_CODE = YES;
				CLANG_WARN__DUPLICATE_METHOD_MATCH = YES;
				CODE_SIGN_IDENTITY = "";
				COPY_PHASE_STRIP = NO;
				DEBUG_INFORMATION_FORMAT = dwarf;
				ENABLE_STRICT_OBJC_MSGSEND = YES;
				ENABLE_TESTABILITY = YES;
				GCC_C_LANGUAGE_STANDARD = gnu99;
				GCC_DYNAMIC_NO_PIC = NO;
				GCC_NO_COMMON_BLOCKS = YES;
				GCC_OPTIMIZATION_LEVEL = 0;
				GCC_PREPROCESSOR_DEFINITIONS = (
					"DEBUG=1",
					"$(inherited)",
				);
				GCC_WARN_64_TO_32_BIT_CONVERSION = YES;
				GCC_WARN_ABOUT_RETURN_TYPE = YES_ERROR;
				GCC_WARN_UNDECLARED_SELECTOR = YES;
				GCC_WARN_UNINITIALIZED_AUTOS = YES_AGGRESSIVE;
				GCC_WARN_UNUSED_FUNCTION = YES;
				GCC_WARN_UNUSED_VARIABLE = YES;
				MACOSX_DEPLOYMENT_TARGET = 10.12;
				MTL_ENABLE_DEBUG_INFO = YES;
				ONLY_ACTIVE_ARCH = YES;
				SDKROOT = macosx;
				SWIFT_ACTIVE_COMPILATION_CONDITIONS = DEBUG;
				SWIFT_OPTIMIZATION_LEVEL = "-Onone";
				SWIFT_SWIFT3_OBJC_INFERENCE = Default;
			};
			name = Debug;
		};
		DAEE384F1E3DBEB100DD2966 /* Release */ = {
			isa = XCBuildConfiguration;
			buildSettings = {
				ALWAYS_SEARCH_USER_PATHS = NO;
				CLANG_ANALYZER_NONNULL = YES;
				CLANG_CXX_LANGUAGE_STANDARD = "gnu++0x";
				CLANG_CXX_LIBRARY = "libc++";
				CLANG_ENABLE_MODULES = YES;
				CLANG_ENABLE_OBJC_ARC = YES;
				CLANG_WARN_BLOCK_CAPTURE_AUTORELEASING = YES;
				CLANG_WARN_BOOL_CONVERSION = YES;
				CLANG_WARN_COMMA = YES;
				CLANG_WARN_CONSTANT_CONVERSION = YES;
				CLANG_WARN_DIRECT_OBJC_ISA_USAGE = YES_ERROR;
				CLANG_WARN_DOCUMENTATION_COMMENTS = YES;
				CLANG_WARN_EMPTY_BODY = YES;
				CLANG_WARN_ENUM_CONVERSION = YES;
				CLANG_WARN_INFINITE_RECURSION = YES;
				CLANG_WARN_INT_CONVERSION = YES;
				CLANG_WARN_NON_LITERAL_NULL_CONVERSION = YES;
				CLANG_WARN_OBJC_LITERAL_CONVERSION = YES;
				CLANG_WARN_OBJC_ROOT_CLASS = YES_ERROR;
				CLANG_WARN_RANGE_LOOP_ANALYSIS = YES;
				CLANG_WARN_STRICT_PROTOTYPES = YES;
				CLANG_WARN_SUSPICIOUS_MOVE = YES;
				CLANG_WARN_UNREACHABLE_CODE = YES;
				CLANG_WARN__DUPLICATE_METHOD_MATCH = YES;
				CODE_SIGN_IDENTITY = "";
				COPY_PHASE_STRIP = NO;
				DEBUG_INFORMATION_FORMAT = "dwarf-with-dsym";
				ENABLE_NS_ASSERTIONS = NO;
				ENABLE_STRICT_OBJC_MSGSEND = YES;
				GCC_C_LANGUAGE_STANDARD = gnu99;
				GCC_NO_COMMON_BLOCKS = YES;
				GCC_WARN_64_TO_32_BIT_CONVERSION = YES;
				GCC_WARN_ABOUT_RETURN_TYPE = YES_ERROR;
				GCC_WARN_UNDECLARED_SELECTOR = YES;
				GCC_WARN_UNINITIALIZED_AUTOS = YES_AGGRESSIVE;
				GCC_WARN_UNUSED_FUNCTION = YES;
				GCC_WARN_UNUSED_VARIABLE = YES;
				MACOSX_DEPLOYMENT_TARGET = 10.12;
				MTL_ENABLE_DEBUG_INFO = NO;
				SDKROOT = macosx;
				SWIFT_OPTIMIZATION_LEVEL = "-Owholemodule";
				SWIFT_SWIFT3_OBJC_INFERENCE = Default;
			};
			name = Release;
		};
		DAEE38511E3DBEB100DD2966 /* Debug */ = {
			isa = XCBuildConfiguration;
			baseConfigurationReference = 8070C4331414C9D54E247DE2 /* Pods-Maccy.debug.xcconfig */;
			buildSettings = {
				ASSETCATALOG_COMPILER_APPICON_NAME = AppIcon;
				CLANG_ENABLE_MODULES = YES;
				CODE_SIGN_IDENTITY = "";
				COMBINE_HIDPI_IMAGES = YES;
				DEVELOPMENT_TEAM = "";
				FRAMEWORK_SEARCH_PATHS = "$(inherited)";
				INFOPLIST_FILE = Maccy/Info.plist;
				LD_RUNPATH_SEARCH_PATHS = "$(inherited) @executable_path/../Frameworks";
				PRODUCT_BUNDLE_IDENTIFIER = org.p0deje.Maccy;
				PRODUCT_NAME = "$(TARGET_NAME)";
				SWIFT_OPTIMIZATION_LEVEL = "-Onone";
				SWIFT_SWIFT3_OBJC_INFERENCE = Default;
				SWIFT_VERSION = 4.0;
			};
			name = Debug;
		};
		DAEE38521E3DBEB100DD2966 /* Release */ = {
			isa = XCBuildConfiguration;
			baseConfigurationReference = 24486195A6B025996B9A8638 /* Pods-Maccy.release.xcconfig */;
			buildSettings = {
				ASSETCATALOG_COMPILER_APPICON_NAME = AppIcon;
				CLANG_ENABLE_MODULES = YES;
				CODE_SIGN_IDENTITY = "";
				COMBINE_HIDPI_IMAGES = YES;
				DEVELOPMENT_TEAM = "";
				FRAMEWORK_SEARCH_PATHS = "$(inherited)";
				INFOPLIST_FILE = Maccy/Info.plist;
				LD_RUNPATH_SEARCH_PATHS = "$(inherited) @executable_path/../Frameworks";
				PRODUCT_BUNDLE_IDENTIFIER = org.p0deje.Maccy;
				PRODUCT_NAME = "$(TARGET_NAME)";
				SWIFT_SWIFT3_OBJC_INFERENCE = Default;
				SWIFT_VERSION = 4.0;
			};
			name = Release;
		};
/* End XCBuildConfiguration section */

/* Begin XCConfigurationList section */
		DA0EE7BF204657840025FC60 /* Build configuration list for PBXNativeTarget "MaccyUITests" */ = {
			isa = XCConfigurationList;
			buildConfigurations = (
				DA0EE7BD204657840025FC60 /* Debug */,
				DA0EE7BE204657840025FC60 /* Release */,
			);
			defaultConfigurationIsVisible = 0;
			defaultConfigurationName = Release;
		};
		DA360DB71E3DF137005C6F6B /* Build configuration list for PBXNativeTarget "MaccyTests" */ = {
			isa = XCConfigurationList;
			buildConfigurations = (
				DA360DB81E3DF137005C6F6B /* Debug */,
				DA360DB91E3DF137005C6F6B /* Release */,
			);
			defaultConfigurationIsVisible = 0;
			defaultConfigurationName = Release;
		};
		DAEE383E1E3DBEB100DD2966 /* Build configuration list for PBXProject "Maccy" */ = {
			isa = XCConfigurationList;
			buildConfigurations = (
				DAEE384E1E3DBEB100DD2966 /* Debug */,
				DAEE384F1E3DBEB100DD2966 /* Release */,
			);
			defaultConfigurationIsVisible = 0;
			defaultConfigurationName = Release;
		};
		DAEE38501E3DBEB100DD2966 /* Build configuration list for PBXNativeTarget "Maccy" */ = {
			isa = XCConfigurationList;
			buildConfigurations = (
				DAEE38511E3DBEB100DD2966 /* Debug */,
				DAEE38521E3DBEB100DD2966 /* Release */,
			);
			defaultConfigurationIsVisible = 0;
			defaultConfigurationName = Release;
		};
/* End XCConfigurationList section */
	};
	rootObject = DAEE383B1E3DBEB100DD2966 /* Project object */;
}
